
Microsoft Visual Studio Solution File, Format Version 12.00
Project("{2150E333-8FDC-42A3-9474-1A3956D46DE8}") = "src", "src", "{1AFB75CE-426D-412B-9D81-B0CA4E68533F}"
EndProject
Project("{2150E333-8FDC-42A3-9474-1A3956D46DE8}") = "test", "test", "{23F6757C-A023-46DD-BC9F-8F4FBA1685BB}"
EndProject
Project("{2150E333-8FDC-42A3-9474-1A3956D46DE8}") = "API", "API", "{97AFB7C7-B546-4093-AB28-38C99483B65D}"
EndProject
Project("{2150E333-8FDC-42A3-9474-1A3956D46DE8}") = "Core", "Core", "{A5FFD066-845F-4485-9623-724ED0AE0A5B}"
EndProject
Project("{2150E333-8FDC-42A3-9474-1A3956D46DE8}") = "Infrastructure", "Infrastructure", "{014BC6BE-3631-4721-8280-14E90B80BCB5}"
EndProject
Project("{2150E333-8FDC-42A3-9474-1A3956D46DE8}") = "UI", "UI", "{9F18D6E4-D0DF-4E67-A175-720A7EFBF359}"
EndProject
Project("{FAE04EC0-301F-11D3-BF4B-00C04F79EFBC}") = "HR.LeaveManagement.Domain", "HR.LeaveManagement.Domain\HR.LeaveManagement.Domain.csproj", "{AD1F87CD-6A4F-48C2-BE42-C1983B63249B}"
EndProject
Project("{FAE04EC0-301F-11D3-BF4B-00C04F79EFBC}") = "HR.LeaveManagement.Application", "HR.LeaveManagement.Application\HR.LeaveManagement.Application.csproj", "{63C0953E-EDB2-4AD5-BFDB-85B989C17704}"
EndProject
Global
	GlobalSection(SolutionConfigurationPlatforms) = preSolution
		Debug|Any CPU = Debug|Any CPU
		Release|Any CPU = Release|Any CPU
	EndGlobalSection
	GlobalSection(NestedProjects) = preSolution
		{97AFB7C7-B546-4093-AB28-38C99483B65D} = {1AFB75CE-426D-412B-9D81-B0CA4E68533F}
		{A5FFD066-845F-4485-9623-724ED0AE0A5B} = {1AFB75CE-426D-412B-9D81-B0CA4E68533F}
		{014BC6BE-3631-4721-8280-14E90B80BCB5} = {1AFB75CE-426D-412B-9D81-B0CA4E68533F}
		{9F18D6E4-D0DF-4E67-A175-720A7EFBF359} = {1AFB75CE-426D-412B-9D81-B0CA4E68533F}
		{AD1F87CD-6A4F-48C2-BE42-C1983B63249B} = {A5FFD066-845F-4485-9623-724ED0AE0A5B}
		{63C0953E-EDB2-4AD5-BFDB-85B989C17704} = {A5FFD066-845F-4485-9623-724ED0AE0A5B}
	EndGlobalSection
	GlobalSection(ProjectConfigurationPlatforms) = postSolution
		{AD1F87CD-6A4F-48C2-BE42-C1983B63249B}.Debug|Any CPU.ActiveCfg = Debug|Any CPU
		{AD1F87CD-6A4F-48C2-BE42-C1983B63249B}.Debug|Any CPU.Build.0 = Debug|Any CPU
		{AD1F87CD-6A4F-48C2-BE42-C1983B63249B}.Release|Any CPU.ActiveCfg = Release|Any CPU
		{AD1F87CD-6A4F-48C2-BE42-C1983B63249B}.Release|Any CPU.Build.0 = Release|Any CPU
		{63C0953E-EDB2-4AD5-BFDB-85B989C17704}.Debug|Any CPU.ActiveCfg = Debug|Any CPU
		{63C0953E-EDB2-4AD5-BFDB-85B989C17704}.Debug|Any CPU.Build.0 = Debug|Any CPU
		{63C0953E-EDB2-4AD5-BFDB-85B989C17704}.Release|Any CPU.ActiveCfg = Release|Any CPU
		{63C0953E-EDB2-4AD5-BFDB-85B989C17704}.Release|Any CPU.Build.0 = Release|Any CPU
	EndGlobalSection
EndGlobal
